
Microsoft Visual Studio Solution File, Format Version 12.00
Project("{FAE04EC0-301F-11D3-BF4B-00C04F79EFBC}") = "Kol2", "Kol2\Kol2.csproj", "{CA2EB104-2FA4-4CFE-A337-501DB482C127}"
EndProject
Global
	GlobalSection(SolutionConfigurationPlatforms) = preSolution
		Debug|Any CPU = Debug|Any CPU
		Release|Any CPU = Release|Any CPU
	EndGlobalSection
	GlobalSection(ProjectConfigurationPlatforms) = postSolution
		{CA2EB104-2FA4-4CFE-A337-501DB482C127}.Debug|Any CPU.ActiveCfg = Debug|Any CPU
		{CA2EB104-2FA4-4CFE-A337-501DB482C127}.Debug|Any CPU.Build.0 = Debug|Any CPU
		{CA2EB104-2FA4-4CFE-A337-501DB482C127}.Release|Any CPU.ActiveCfg = Release|Any CPU
		{CA2EB104-2FA4-4CFE-A337-501DB482C127}.Release|Any CPU.Build.0 = Release|Any CPU
	EndGlobalSection
EndGlobal
